// !$*UTF8*$!
{
	archiveVersion = 1;
	classes = {
	};
	objectVersion = 46;
	objects = {

/* Begin PBXBuildFile section */
		2C1FA1061B93CBF500B3C535 /* Accounts.framework in Frameworks */ = {isa = PBXBuildFile; fileRef = 2C1FA1051B93CBF500B3C535 /* Accounts.framework */; };
		2C1FA1081B93CBFC00B3C535 /* Social.framework in Frameworks */ = {isa = PBXBuildFile; fileRef = 2C1FA1071B93CBFC00B3C535 /* Social.framework */; };
		2C1FA10A1B93D83300B3C535 /* OnboardingPageViewController.swift in Sources */ = {isa = PBXBuildFile; fileRef = 2C1FA1091B93D83300B3C535 /* OnboardingPageViewController.swift */; };
		2C1FA10C1B93D98100B3C535 /* OnboardingContentViewController.swift in Sources */ = {isa = PBXBuildFile; fileRef = 2C1FA10B1B93D98100B3C535 /* OnboardingContentViewController.swift */; };
		2C1FA10E1B93DD9D00B3C535 /* LoginViewController.swift in Sources */ = {isa = PBXBuildFile; fileRef = 2C1FA10D1B93DD9D00B3C535 /* LoginViewController.swift */; };
		2C26F9B41B86951C0081388C /* CharmsGalleryCollectionViewCell.swift in Sources */ = {isa = PBXBuildFile; fileRef = 2C26F9B31B86951C0081388C /* CharmsGalleryCollectionViewCell.swift */; };
		2C26F9B61B8695490081388C /* StoriesTableViewCell.swift in Sources */ = {isa = PBXBuildFile; fileRef = 2C26F9B51B8695490081388C /* StoriesTableViewCell.swift */; };
		2C26F9BA1B86BB800081388C /* CharmTitleBlurbHeaderTableViewCell.swift in Sources */ = {isa = PBXBuildFile; fileRef = 2C26F9B91B86BB800081388C /* CharmTitleBlurbHeaderTableViewCell.swift */; };
		2C2AFB6E1B9E41C6003ACA93 /* ImagePreviewCollectionViewCell.swift in Sources */ = {isa = PBXBuildFile; fileRef = 2C2AFB6D1B9E41C6003ACA93 /* ImagePreviewCollectionViewCell.swift */; settings = {ASSET_TAGS = (); }; };
		2C30A1C91B965BDA00B64582 /* ClaimBIDViewController.swift in Sources */ = {isa = PBXBuildFile; fileRef = 2C30A1C81B965BDA00B64582 /* ClaimBIDViewController.swift */; };
		2C35037B1B9C922D00E4D87B /* SegmentedControlTableViewCell.swift in Sources */ = {isa = PBXBuildFile; fileRef = 2C35037A1B9C922D00E4D87B /* SegmentedControlTableViewCell.swift */; settings = {ASSET_TAGS = (); }; };
		2C35037D1B9CC74000E4D87B /* DateTimePickerTableViewCell.swift in Sources */ = {isa = PBXBuildFile; fileRef = 2C35037C1B9CC74000E4D87B /* DateTimePickerTableViewCell.swift */; settings = {ASSET_TAGS = (); }; };
		2C35037F1B9CCE8C00E4D87B /* LocationPickerTableViewCell.swift in Sources */ = {isa = PBXBuildFile; fileRef = 2C35037E1B9CCE8C00E4D87B /* LocationPickerTableViewCell.swift */; settings = {ASSET_TAGS = (); }; };
		2C7E34441B9B73C200EFA603 /* TextFieldTableViewCell.swift in Sources */ = {isa = PBXBuildFile; fileRef = 2C7E34431B9B73C200EFA603 /* TextFieldTableViewCell.swift */; settings = {ASSET_TAGS = (); }; };
		2C7E34461B9B7F0E00EFA603 /* TextViewTableViewCell.swift in Sources */ = {isa = PBXBuildFile; fileRef = 2C7E34451B9B7F0E00EFA603 /* TextViewTableViewCell.swift */; settings = {ASSET_TAGS = (); }; };
		2C7E34481B9B927100EFA603 /* MomentMediaTableViewCell.swift in Sources */ = {isa = PBXBuildFile; fileRef = 2C7E34471B9B927100EFA603 /* MomentMediaTableViewCell.swift */; settings = {ASSET_TAGS = (); }; };
		2C813EF31B992B1200A6EDA7 /* BraceletSettings.swift in Sources */ = {isa = PBXBuildFile; fileRef = 2C813EF21B992B1200A6EDA7 /* BraceletSettings.swift */; };
		2C947F9C1B87A81B00607770 /* StoryDetailViewController.swift in Sources */ = {isa = PBXBuildFile; fileRef = 2C947F9B1B87A81B00607770 /* StoryDetailViewController.swift */; };
		2C947FA01B87AB2C00607770 /* ProtoLumaTabBarViewController.swift in Sources */ = {isa = PBXBuildFile; fileRef = 2C947F9F1B87AB2C00607770 /* ProtoLumaTabBarViewController.swift */; };
		2C947FA21B87AC8500607770 /* NewStoryTabViewController.swift in Sources */ = {isa = PBXBuildFile; fileRef = 2C947FA11B87AC8500607770 /* NewStoryTabViewController.swift */; };
		2C947FA61B87E2A500607770 /* UIStyleController.swift in Sources */ = {isa = PBXBuildFile; fileRef = 2C947FA51B87E2A500607770 /* UIStyleController.swift */; };
		2C947FA81B87E6D900607770 /* AccountViewController.swift in Sources */ = {isa = PBXBuildFile; fileRef = 2C947FA71B87E6D900607770 /* AccountViewController.swift */; };
		2C947FAA1B87ED7C00607770 /* ButtonWithPromptTableViewCell.swift in Sources */ = {isa = PBXBuildFile; fileRef = 2C947FA91B87ED7C00607770 /* ButtonWithPromptTableViewCell.swift */; };
		2C947FAC1B87FBF800607770 /* CharmWithSubtitleTableViewCell.swift in Sources */ = {isa = PBXBuildFile; fileRef = 2C947FAB1B87FBF800607770 /* CharmWithSubtitleTableViewCell.swift */; };
		2C947FAE1B88039E00607770 /* CharmsTableViewHeader.swift in Sources */ = {isa = PBXBuildFile; fileRef = 2C947FAD1B88039E00607770 /* CharmsTableViewHeader.swift */; };
		2CAB01211B98C88700652C76 /* ProfileBlurbTableViewCell.swift in Sources */ = {isa = PBXBuildFile; fileRef = 2CAB01201B98C88700652C76 /* ProfileBlurbTableViewCell.swift */; };
		2CAC3DFC1B9A1C0C00C41BE9 /* PairBraceletViewController.swift in Sources */ = {isa = PBXBuildFile; fileRef = 2CAC3DFB1B9A1C0C00C41BE9 /* PairBraceletViewController.swift */; };
		2CAC3DFE1B9A505900C41BE9 /* AddCharmViewController.swift in Sources */ = {isa = PBXBuildFile; fileRef = 2CAC3DFD1B9A505900C41BE9 /* AddCharmViewController.swift */; };
		2CAC3E011B9B550E00C41BE9 /* CharmPickerTableViewCell.swift in Sources */ = {isa = PBXBuildFile; fileRef = 2CAC3E001B9B550E00C41BE9 /* CharmPickerTableViewCell.swift */; };
		2CC91DC31B83FC360082CF6A /* StoriesTabViewController.swift in Sources */ = {isa = PBXBuildFile; fileRef = 2CC91DC21B83FC360082CF6A /* StoriesTabViewController.swift */; };
		2CF2FE1C1B7EBB6200F4E11D /* AppDelegate.swift in Sources */ = {isa = PBXBuildFile; fileRef = 2CF2FE1B1B7EBB6200F4E11D /* AppDelegate.swift */; };
		2CF2FE211B7EBB6200F4E11D /* Main.storyboard in Resources */ = {isa = PBXBuildFile; fileRef = 2CF2FE1F1B7EBB6200F4E11D /* Main.storyboard */; };
		2CF2FE241B7EBB6200F4E11D /* ProtoLuma.xcdatamodeld in Sources */ = {isa = PBXBuildFile; fileRef = 2CF2FE221B7EBB6200F4E11D /* ProtoLuma.xcdatamodeld */; };
		2CF2FE261B7EBB6200F4E11D /* Assets.xcassets in Resources */ = {isa = PBXBuildFile; fileRef = 2CF2FE251B7EBB6200F4E11D /* Assets.xcassets */; };
		2CF2FE291B7EBB6200F4E11D /* LaunchScreen.storyboard in Resources */ = {isa = PBXBuildFile; fileRef = 2CF2FE271B7EBB6200F4E11D /* LaunchScreen.storyboard */; };
		2CF2FE341B7EBB6200F4E11D /* ProtoLumaTests.swift in Sources */ = {isa = PBXBuildFile; fileRef = 2CF2FE331B7EBB6200F4E11D /* ProtoLumaTests.swift */; };
		2CF2FE3F1B7EBB6200F4E11D /* ProtoLumaUITests.swift in Sources */ = {isa = PBXBuildFile; fileRef = 2CF2FE3E1B7EBB6200F4E11D /* ProtoLumaUITests.swift */; };
		42E931204FB7FCFA4AACC63E /* Pods_ProtoLuma.framework in Frameworks */ = {isa = PBXBuildFile; fileRef = E400C48EE278EA290259850A /* Pods_ProtoLuma.framework */; settings = {ATTRIBUTES = (Weak, ); }; };
/* End PBXBuildFile section */

/* Begin PBXContainerItemProxy section */
		2CF2FE301B7EBB6200F4E11D /* PBXContainerItemProxy */ = {
			isa = PBXContainerItemProxy;
			containerPortal = 2CF2FE101B7EBB6200F4E11D /* Project object */;
			proxyType = 1;
			remoteGlobalIDString = 2CF2FE171B7EBB6200F4E11D;
			remoteInfo = ProtoLuma;
		};
		2CF2FE3B1B7EBB6200F4E11D /* PBXContainerItemProxy */ = {
			isa = PBXContainerItemProxy;
			containerPortal = 2CF2FE101B7EBB6200F4E11D /* Project object */;
			proxyType = 1;
			remoteGlobalIDString = 2CF2FE171B7EBB6200F4E11D;
			remoteInfo = ProtoLuma;
		};
/* End PBXContainerItemProxy section */

/* Begin PBXFileReference section */
		265B19E26B3DCC62B1A214DE /* Pods-ProtoLuma.release.xcconfig */ = {isa = PBXFileReference; includeInIndex = 1; lastKnownFileType = text.xcconfig; name = "Pods-ProtoLuma.release.xcconfig"; path = "Pods/Target Support Files/Pods-ProtoLuma/Pods-ProtoLuma.release.xcconfig"; sourceTree = "<group>"; };
		2C1FA1051B93CBF500B3C535 /* Accounts.framework */ = {isa = PBXFileReference; lastKnownFileType = wrapper.framework; name = Accounts.framework; path = System/Library/Frameworks/Accounts.framework; sourceTree = SDKROOT; };
		2C1FA1071B93CBFC00B3C535 /* Social.framework */ = {isa = PBXFileReference; lastKnownFileType = wrapper.framework; name = Social.framework; path = System/Library/Frameworks/Social.framework; sourceTree = SDKROOT; };
		2C1FA1091B93D83300B3C535 /* OnboardingPageViewController.swift */ = {isa = PBXFileReference; fileEncoding = 4; lastKnownFileType = sourcecode.swift; path = OnboardingPageViewController.swift; sourceTree = "<group>"; };
		2C1FA10B1B93D98100B3C535 /* OnboardingContentViewController.swift */ = {isa = PBXFileReference; fileEncoding = 4; lastKnownFileType = sourcecode.swift; path = OnboardingContentViewController.swift; sourceTree = "<group>"; };
		2C1FA10D1B93DD9D00B3C535 /* LoginViewController.swift */ = {isa = PBXFileReference; fileEncoding = 4; lastKnownFileType = sourcecode.swift; path = LoginViewController.swift; sourceTree = "<group>"; };
		2C26F9B31B86951C0081388C /* CharmsGalleryCollectionViewCell.swift */ = {isa = PBXFileReference; fileEncoding = 4; lastKnownFileType = sourcecode.swift; name = CharmsGalleryCollectionViewCell.swift; path = "Stories Tab/CharmsGalleryCollectionViewCell.swift"; sourceTree = "<group>"; };
		2C26F9B51B8695490081388C /* StoriesTableViewCell.swift */ = {isa = PBXFileReference; fileEncoding = 4; lastKnownFileType = sourcecode.swift; name = StoriesTableViewCell.swift; path = "Stories Tab/StoriesTableViewCell.swift"; sourceTree = "<group>"; };
		2C26F9B91B86BB800081388C /* CharmTitleBlurbHeaderTableViewCell.swift */ = {isa = PBXFileReference; fileEncoding = 4; lastKnownFileType = sourcecode.swift; name = CharmTitleBlurbHeaderTableViewCell.swift; path = "Stories Tab/CharmTitleBlurbHeaderTableViewCell.swift"; sourceTree = "<group>"; };
		2C2AFB6D1B9E41C6003ACA93 /* ImagePreviewCollectionViewCell.swift */ = {isa = PBXFileReference; fileEncoding = 4; lastKnownFileType = sourcecode.swift; path = ImagePreviewCollectionViewCell.swift; sourceTree = "<group>"; };
		2C30A1C81B965BDA00B64582 /* ClaimBIDViewController.swift */ = {isa = PBXFileReference; fileEncoding = 4; lastKnownFileType = sourcecode.swift; path = ClaimBIDViewController.swift; sourceTree = "<group>"; };
		2C35037A1B9C922D00E4D87B /* SegmentedControlTableViewCell.swift */ = {isa = PBXFileReference; fileEncoding = 4; lastKnownFileType = sourcecode.swift; path = SegmentedControlTableViewCell.swift; sourceTree = "<group>"; };
		2C35037C1B9CC74000E4D87B /* DateTimePickerTableViewCell.swift */ = {isa = PBXFileReference; fileEncoding = 4; lastKnownFileType = sourcecode.swift; path = DateTimePickerTableViewCell.swift; sourceTree = "<group>"; };
		2C35037E1B9CCE8C00E4D87B /* LocationPickerTableViewCell.swift */ = {isa = PBXFileReference; fileEncoding = 4; lastKnownFileType = sourcecode.swift; path = LocationPickerTableViewCell.swift; sourceTree = "<group>"; };
		2C6278D11B7F1E08006DDBE7 /* ProtoLuma-Bridging-Header.h */ = {isa = PBXFileReference; lastKnownFileType = sourcecode.c.h; path = "ProtoLuma-Bridging-Header.h"; sourceTree = "<group>"; };
		2C7E34431B9B73C200EFA603 /* TextFieldTableViewCell.swift */ = {isa = PBXFileReference; fileEncoding = 4; lastKnownFileType = sourcecode.swift; path = TextFieldTableViewCell.swift; sourceTree = "<group>"; };
		2C7E34451B9B7F0E00EFA603 /* TextViewTableViewCell.swift */ = {isa = PBXFileReference; fileEncoding = 4; lastKnownFileType = sourcecode.swift; path = TextViewTableViewCell.swift; sourceTree = "<group>"; };
		2C7E34471B9B927100EFA603 /* MomentMediaTableViewCell.swift */ = {isa = PBXFileReference; fileEncoding = 4; lastKnownFileType = sourcecode.swift; path = MomentMediaTableViewCell.swift; sourceTree = "<group>"; };
		2C813EF21B992B1200A6EDA7 /* BraceletSettings.swift */ = {isa = PBXFileReference; fileEncoding = 4; lastKnownFileType = sourcecode.swift; path = BraceletSettings.swift; sourceTree = "<group>"; };
		2C947F9B1B87A81B00607770 /* StoryDetailViewController.swift */ = {isa = PBXFileReference; fileEncoding = 4; lastKnownFileType = sourcecode.swift; name = StoryDetailViewController.swift; path = "Stories Tab/StoryDetailViewController.swift"; sourceTree = "<group>"; };
		2C947F9F1B87AB2C00607770 /* ProtoLumaTabBarViewController.swift */ = {isa = PBXFileReference; fileEncoding = 4; lastKnownFileType = sourcecode.swift; path = ProtoLumaTabBarViewController.swift; sourceTree = "<group>"; };
		2C947FA11B87AC8500607770 /* NewStoryTabViewController.swift */ = {isa = PBXFileReference; fileEncoding = 4; lastKnownFileType = sourcecode.swift; name = NewStoryTabViewController.swift; path = "New Story Tab/NewStoryTabViewController.swift"; sourceTree = "<group>"; };
		2C947FA51B87E2A500607770 /* UIStyleController.swift */ = {isa = PBXFileReference; fileEncoding = 4; lastKnownFileType = sourcecode.swift; path = UIStyleController.swift; sourceTree = "<group>"; };
		2C947FA71B87E6D900607770 /* AccountViewController.swift */ = {isa = PBXFileReference; fileEncoding = 4; lastKnownFileType = sourcecode.swift; path = AccountViewController.swift; sourceTree = "<group>"; };
		2C947FA91B87ED7C00607770 /* ButtonWithPromptTableViewCell.swift */ = {isa = PBXFileReference; fileEncoding = 4; lastKnownFileType = sourcecode.swift; path = ButtonWithPromptTableViewCell.swift; sourceTree = "<group>"; };
		2C947FAB1B87FBF800607770 /* CharmWithSubtitleTableViewCell.swift */ = {isa = PBXFileReference; fileEncoding = 4; lastKnownFileType = sourcecode.swift; path = CharmWithSubtitleTableViewCell.swift; sourceTree = "<group>"; };
		2C947FAD1B88039E00607770 /* CharmsTableViewHeader.swift */ = {isa = PBXFileReference; fileEncoding = 4; lastKnownFileType = sourcecode.swift; path = CharmsTableViewHeader.swift; sourceTree = "<group>"; };
		2CAB01201B98C88700652C76 /* ProfileBlurbTableViewCell.swift */ = {isa = PBXFileReference; fileEncoding = 4; lastKnownFileType = sourcecode.swift; path = ProfileBlurbTableViewCell.swift; sourceTree = "<group>"; };
		2CAC3DFB1B9A1C0C00C41BE9 /* PairBraceletViewController.swift */ = {isa = PBXFileReference; fileEncoding = 4; lastKnownFileType = sourcecode.swift; path = PairBraceletViewController.swift; sourceTree = "<group>"; };
		2CAC3DFD1B9A505900C41BE9 /* AddCharmViewController.swift */ = {isa = PBXFileReference; fileEncoding = 4; lastKnownFileType = sourcecode.swift; path = AddCharmViewController.swift; sourceTree = "<group>"; };
		2CAC3E001B9B550E00C41BE9 /* CharmPickerTableViewCell.swift */ = {isa = PBXFileReference; fileEncoding = 4; lastKnownFileType = sourcecode.swift; path = CharmPickerTableViewCell.swift; sourceTree = "<group>"; };
		2CC91DC21B83FC360082CF6A /* StoriesTabViewController.swift */ = {isa = PBXFileReference; fileEncoding = 4; lastKnownFileType = sourcecode.swift; name = StoriesTabViewController.swift; path = "Stories Tab/StoriesTabViewController.swift"; sourceTree = "<group>"; };
		2CF2FE181B7EBB6200F4E11D /* ProtoLuma.app */ = {isa = PBXFileReference; explicitFileType = wrapper.application; includeInIndex = 0; path = ProtoLuma.app; sourceTree = BUILT_PRODUCTS_DIR; };
		2CF2FE1B1B7EBB6200F4E11D /* AppDelegate.swift */ = {isa = PBXFileReference; lastKnownFileType = sourcecode.swift; path = AppDelegate.swift; sourceTree = "<group>"; };
		2CF2FE201B7EBB6200F4E11D /* Base */ = {isa = PBXFileReference; lastKnownFileType = file.storyboard; name = Base; path = Base.lproj/Main.storyboard; sourceTree = "<group>"; };
		2CF2FE231B7EBB6200F4E11D /* ProtoLuma.xcdatamodel */ = {isa = PBXFileReference; lastKnownFileType = wrapper.xcdatamodel; path = ProtoLuma.xcdatamodel; sourceTree = "<group>"; };
		2CF2FE251B7EBB6200F4E11D /* Assets.xcassets */ = {isa = PBXFileReference; lastKnownFileType = folder.assetcatalog; path = Assets.xcassets; sourceTree = "<group>"; };
		2CF2FE281B7EBB6200F4E11D /* Base */ = {isa = PBXFileReference; lastKnownFileType = file.storyboard; name = Base; path = Base.lproj/LaunchScreen.storyboard; sourceTree = "<group>"; };
		2CF2FE2A1B7EBB6200F4E11D /* Info.plist */ = {isa = PBXFileReference; lastKnownFileType = text.plist.xml; path = Info.plist; sourceTree = "<group>"; };
		2CF2FE2F1B7EBB6200F4E11D /* ProtoLumaTests.xctest */ = {isa = PBXFileReference; explicitFileType = wrapper.cfbundle; includeInIndex = 0; path = ProtoLumaTests.xctest; sourceTree = BUILT_PRODUCTS_DIR; };
		2CF2FE331B7EBB6200F4E11D /* ProtoLumaTests.swift */ = {isa = PBXFileReference; lastKnownFileType = sourcecode.swift; path = ProtoLumaTests.swift; sourceTree = "<group>"; };
		2CF2FE351B7EBB6200F4E11D /* Info.plist */ = {isa = PBXFileReference; lastKnownFileType = text.plist.xml; path = Info.plist; sourceTree = "<group>"; };
		2CF2FE3A1B7EBB6200F4E11D /* ProtoLumaUITests.xctest */ = {isa = PBXFileReference; explicitFileType = wrapper.cfbundle; includeInIndex = 0; path = ProtoLumaUITests.xctest; sourceTree = BUILT_PRODUCTS_DIR; };
		2CF2FE3E1B7EBB6200F4E11D /* ProtoLumaUITests.swift */ = {isa = PBXFileReference; lastKnownFileType = sourcecode.swift; path = ProtoLumaUITests.swift; sourceTree = "<group>"; };
		2CF2FE401B7EBB6200F4E11D /* Info.plist */ = {isa = PBXFileReference; lastKnownFileType = text.plist.xml; path = Info.plist; sourceTree = "<group>"; };
		C46A74428C940DBAA412D414 /* Pods-ProtoLuma.debug.xcconfig */ = {isa = PBXFileReference; includeInIndex = 1; lastKnownFileType = text.xcconfig; name = "Pods-ProtoLuma.debug.xcconfig"; path = "Pods/Target Support Files/Pods-ProtoLuma/Pods-ProtoLuma.debug.xcconfig"; sourceTree = "<group>"; };
		E400C48EE278EA290259850A /* Pods_ProtoLuma.framework */ = {isa = PBXFileReference; explicitFileType = wrapper.framework; includeInIndex = 0; path = Pods_ProtoLuma.framework; sourceTree = BUILT_PRODUCTS_DIR; };
/* End PBXFileReference section */

/* Begin PBXFrameworksBuildPhase section */
		2CF2FE151B7EBB6200F4E11D /* Frameworks */ = {
			isa = PBXFrameworksBuildPhase;
			buildActionMask = 2147483647;
			files = (
				2C1FA1081B93CBFC00B3C535 /* Social.framework in Frameworks */,
				2C1FA1061B93CBF500B3C535 /* Accounts.framework in Frameworks */,
				42E931204FB7FCFA4AACC63E /* Pods_ProtoLuma.framework in Frameworks */,
			);
			runOnlyForDeploymentPostprocessing = 0;
		};
		2CF2FE2C1B7EBB6200F4E11D /* Frameworks */ = {
			isa = PBXFrameworksBuildPhase;
			buildActionMask = 2147483647;
			files = (
			);
			runOnlyForDeploymentPostprocessing = 0;
		};
		2CF2FE371B7EBB6200F4E11D /* Frameworks */ = {
			isa = PBXFrameworksBuildPhase;
			buildActionMask = 2147483647;
			files = (
			);
			runOnlyForDeploymentPostprocessing = 0;
		};
/* End PBXFrameworksBuildPhase section */

/* Begin PBXGroup section */
		2C7E343F1B9B72C000EFA603 /* Onboarding + Setup */ = {
			isa = PBXGroup;
			children = (
				2C30A1C81B965BDA00B64582 /* ClaimBIDViewController.swift */,
				2C1FA1091B93D83300B3C535 /* OnboardingPageViewController.swift */,
				2C1FA10B1B93D98100B3C535 /* OnboardingContentViewController.swift */,
				2CAC3DFB1B9A1C0C00C41BE9 /* PairBraceletViewController.swift */,
				2C813EF21B992B1200A6EDA7 /* BraceletSettings.swift */,
				2C1FA10D1B93DD9D00B3C535 /* LoginViewController.swift */,
			);
			name = "Onboarding + Setup";
			sourceTree = "<group>";
		};
		2C7E34401B9B72F700EFA603 /* Settings */ = {
			isa = PBXGroup;
			children = (
				2C947FA71B87E6D900607770 /* AccountViewController.swift */,
				2CAB01201B98C88700652C76 /* ProfileBlurbTableViewCell.swift */,
				2CAC3DFD1B9A505900C41BE9 /* AddCharmViewController.swift */,
				2C947FAD1B88039E00607770 /* CharmsTableViewHeader.swift */,
			);
			name = Settings;
			sourceTree = "<group>";
		};
		2C7E34411B9B730300EFA603 /* Feed */ = {
			isa = PBXGroup;
			children = (
				2CC91DC21B83FC360082CF6A /* StoriesTabViewController.swift */,
				2C947F9B1B87A81B00607770 /* StoryDetailViewController.swift */,
				2C26F9B51B8695490081388C /* StoriesTableViewCell.swift */,
				2C26F9B91B86BB800081388C /* CharmTitleBlurbHeaderTableViewCell.swift */,
				2C26F9B31B86951C0081388C /* CharmsGalleryCollectionViewCell.swift */,
				2C2AFB6D1B9E41C6003ACA93 /* ImagePreviewCollectionViewCell.swift */,
			);
			name = Feed;
			sourceTree = "<group>";
		};
		2C7E34421B9B732C00EFA603 /* New Moment */ = {
			isa = PBXGroup;
			children = (
				2C947FA11B87AC8500607770 /* NewStoryTabViewController.swift */,
				2C35037E1B9CCE8C00E4D87B /* LocationPickerTableViewCell.swift */,
				2C35037C1B9CC74000E4D87B /* DateTimePickerTableViewCell.swift */,
				2C7E34471B9B927100EFA603 /* MomentMediaTableViewCell.swift */,
				2CAC3E001B9B550E00C41BE9 /* CharmPickerTableViewCell.swift */,
				2C7E34431B9B73C200EFA603 /* TextFieldTableViewCell.swift */,
				2C35037A1B9C922D00E4D87B /* SegmentedControlTableViewCell.swift */,
				2C7E34451B9B7F0E00EFA603 /* TextViewTableViewCell.swift */,
			);
			name = "New Moment";
			sourceTree = "<group>";
		};
		2CF2FE0F1B7EBB6200F4E11D = {
			isa = PBXGroup;
			children = (
				2CF2FE1A1B7EBB6200F4E11D /* ProtoLuma */,
				2CF2FE321B7EBB6200F4E11D /* ProtoLumaTests */,
				2CF2FE3D1B7EBB6200F4E11D /* ProtoLumaUITests */,
				2CF2FE191B7EBB6200F4E11D /* Products */,
				B26642C57B26B87C56AADD04 /* Frameworks */,
				B1775F2A223500E16EC1AD3B /* Pods */,
			);
			sourceTree = "<group>";
		};
		2CF2FE191B7EBB6200F4E11D /* Products */ = {
			isa = PBXGroup;
			children = (
				2CF2FE181B7EBB6200F4E11D /* ProtoLuma.app */,
				2CF2FE2F1B7EBB6200F4E11D /* ProtoLumaTests.xctest */,
				2CF2FE3A1B7EBB6200F4E11D /* ProtoLumaUITests.xctest */,
			);
			name = Products;
			sourceTree = "<group>";
		};
		2CF2FE1A1B7EBB6200F4E11D /* ProtoLuma */ = {
			isa = PBXGroup;
			children = (
				2CF2FE1F1B7EBB6200F4E11D /* Main.storyboard */,
				2CF2FE1B1B7EBB6200F4E11D /* AppDelegate.swift */,
				2C947FA51B87E2A500607770 /* UIStyleController.swift */,
				2C947FA91B87ED7C00607770 /* ButtonWithPromptTableViewCell.swift */,
				2C947F9F1B87AB2C00607770 /* ProtoLumaTabBarViewController.swift */,
				2C947FAB1B87FBF800607770 /* CharmWithSubtitleTableViewCell.swift */,
				2C7E343F1B9B72C000EFA603 /* Onboarding + Setup */,
				2C7E34401B9B72F700EFA603 /* Settings */,
				2C7E34411B9B730300EFA603 /* Feed */,
				2C7E34421B9B732C00EFA603 /* New Moment */,
				2CF2FE251B7EBB6200F4E11D /* Assets.xcassets */,
				2CF2FE271B7EBB6200F4E11D /* LaunchScreen.storyboard */,
				2CF2FE2A1B7EBB6200F4E11D /* Info.plist */,
				2CF2FE221B7EBB6200F4E11D /* ProtoLuma.xcdatamodeld */,
				2C6278D11B7F1E08006DDBE7 /* ProtoLuma-Bridging-Header.h */,
			);
			path = ProtoLuma;
			sourceTree = "<group>";
		};
		2CF2FE321B7EBB6200F4E11D /* ProtoLumaTests */ = {
			isa = PBXGroup;
			children = (
				2CF2FE331B7EBB6200F4E11D /* ProtoLumaTests.swift */,
				2CF2FE351B7EBB6200F4E11D /* Info.plist */,
			);
			path = ProtoLumaTests;
			sourceTree = "<group>";
		};
		2CF2FE3D1B7EBB6200F4E11D /* ProtoLumaUITests */ = {
			isa = PBXGroup;
			children = (
				2CF2FE3E1B7EBB6200F4E11D /* ProtoLumaUITests.swift */,
				2CF2FE401B7EBB6200F4E11D /* Info.plist */,
			);
			path = ProtoLumaUITests;
			sourceTree = "<group>";
		};
		B1775F2A223500E16EC1AD3B /* Pods */ = {
			isa = PBXGroup;
			children = (
				C46A74428C940DBAA412D414 /* Pods-ProtoLuma.debug.xcconfig */,
				265B19E26B3DCC62B1A214DE /* Pods-ProtoLuma.release.xcconfig */,
			);
			name = Pods;
			sourceTree = "<group>";
		};
		B26642C57B26B87C56AADD04 /* Frameworks */ = {
			isa = PBXGroup;
			children = (
				2C1FA1071B93CBFC00B3C535 /* Social.framework */,
				2C1FA1051B93CBF500B3C535 /* Accounts.framework */,
				E400C48EE278EA290259850A /* Pods_ProtoLuma.framework */,
			);
			name = Frameworks;
			sourceTree = "<group>";
		};
/* End PBXGroup section */

/* Begin PBXNativeTarget section */
		2CF2FE171B7EBB6200F4E11D /* ProtoLuma */ = {
			isa = PBXNativeTarget;
			buildConfigurationList = 2CF2FE431B7EBB6200F4E11D /* Build configuration list for PBXNativeTarget "ProtoLuma" */;
			buildPhases = (
				7B8B500C4EF9827305A8E5AA /* Check Pods Manifest.lock */,
				2CF2FE141B7EBB6200F4E11D /* Sources */,
				2CF2FE151B7EBB6200F4E11D /* Frameworks */,
				2CF2FE161B7EBB6200F4E11D /* Resources */,
				8B6421E2EEF6A64D00C8C454 /* Copy Pods Resources */,
				286C98000DD5A7448436B957 /* Embed Pods Frameworks */,
			);
			buildRules = (
			);
			dependencies = (
			);
			name = ProtoLuma;
			productName = ProtoLuma;
			productReference = 2CF2FE181B7EBB6200F4E11D /* ProtoLuma.app */;
			productType = "com.apple.product-type.application";
		};
		2CF2FE2E1B7EBB6200F4E11D /* ProtoLumaTests */ = {
			isa = PBXNativeTarget;
			buildConfigurationList = 2CF2FE461B7EBB6200F4E11D /* Build configuration list for PBXNativeTarget "ProtoLumaTests" */;
			buildPhases = (
				2CF2FE2B1B7EBB6200F4E11D /* Sources */,
				2CF2FE2C1B7EBB6200F4E11D /* Frameworks */,
				2CF2FE2D1B7EBB6200F4E11D /* Resources */,
			);
			buildRules = (
			);
			dependencies = (
				2CF2FE311B7EBB6200F4E11D /* PBXTargetDependency */,
			);
			name = ProtoLumaTests;
			productName = ProtoLumaTests;
			productReference = 2CF2FE2F1B7EBB6200F4E11D /* ProtoLumaTests.xctest */;
			productType = "com.apple.product-type.bundle.unit-test";
		};
		2CF2FE391B7EBB6200F4E11D /* ProtoLumaUITests */ = {
			isa = PBXNativeTarget;
			buildConfigurationList = 2CF2FE491B7EBB6200F4E11D /* Build configuration list for PBXNativeTarget "ProtoLumaUITests" */;
			buildPhases = (
				2CF2FE361B7EBB6200F4E11D /* Sources */,
				2CF2FE371B7EBB6200F4E11D /* Frameworks */,
				2CF2FE381B7EBB6200F4E11D /* Resources */,
			);
			buildRules = (
			);
			dependencies = (
				2CF2FE3C1B7EBB6200F4E11D /* PBXTargetDependency */,
			);
			name = ProtoLumaUITests;
			productName = ProtoLumaUITests;
			productReference = 2CF2FE3A1B7EBB6200F4E11D /* ProtoLumaUITests.xctest */;
			productType = "com.apple.product-type.bundle.ui-testing";
		};
/* End PBXNativeTarget section */

/* Begin PBXProject section */
		2CF2FE101B7EBB6200F4E11D /* Project object */ = {
			isa = PBXProject;
			attributes = {
				LastUpgradeCheck = 0700;
				ORGANIZATIONNAME = "Chun-Wei Chen";
				TargetAttributes = {
					2CF2FE171B7EBB6200F4E11D = {
						CreatedOnToolsVersion = 7.0;
						SystemCapabilities = {
							com.apple.BackgroundModes = {
								enabled = 1;
							};
						};
					};
					2CF2FE2E1B7EBB6200F4E11D = {
						CreatedOnToolsVersion = 7.0;
						TestTargetID = 2CF2FE171B7EBB6200F4E11D;
					};
					2CF2FE391B7EBB6200F4E11D = {
						CreatedOnToolsVersion = 7.0;
						TestTargetID = 2CF2FE171B7EBB6200F4E11D;
					};
				};
			};
			buildConfigurationList = 2CF2FE131B7EBB6200F4E11D /* Build configuration list for PBXProject "ProtoLuma" */;
			compatibilityVersion = "Xcode 3.2";
			developmentRegion = English;
			hasScannedForEncodings = 0;
			knownRegions = (
				en,
				Base,
			);
			mainGroup = 2CF2FE0F1B7EBB6200F4E11D;
			productRefGroup = 2CF2FE191B7EBB6200F4E11D /* Products */;
			projectDirPath = "";
			projectRoot = "";
			targets = (
				2CF2FE171B7EBB6200F4E11D /* ProtoLuma */,
				2CF2FE2E1B7EBB6200F4E11D /* ProtoLumaTests */,
				2CF2FE391B7EBB6200F4E11D /* ProtoLumaUITests */,
			);
		};
/* End PBXProject section */

/* Begin PBXResourcesBuildPhase section */
		2CF2FE161B7EBB6200F4E11D /* Resources */ = {
			isa = PBXResourcesBuildPhase;
			buildActionMask = 2147483647;
			files = (
				2CF2FE291B7EBB6200F4E11D /* LaunchScreen.storyboard in Resources */,
				2CF2FE261B7EBB6200F4E11D /* Assets.xcassets in Resources */,
				2CF2FE211B7EBB6200F4E11D /* Main.storyboard in Resources */,
			);
			runOnlyForDeploymentPostprocessing = 0;
		};
		2CF2FE2D1B7EBB6200F4E11D /* Resources */ = {
			isa = PBXResourcesBuildPhase;
			buildActionMask = 2147483647;
			files = (
			);
			runOnlyForDeploymentPostprocessing = 0;
		};
		2CF2FE381B7EBB6200F4E11D /* Resources */ = {
			isa = PBXResourcesBuildPhase;
			buildActionMask = 2147483647;
			files = (
			);
			runOnlyForDeploymentPostprocessing = 0;
		};
/* End PBXResourcesBuildPhase section */

/* Begin PBXShellScriptBuildPhase section */
		286C98000DD5A7448436B957 /* Embed Pods Frameworks */ = {
			isa = PBXShellScriptBuildPhase;
			buildActionMask = 2147483647;
			files = (
			);
			inputPaths = (
			);
			name = "Embed Pods Frameworks";
			outputPaths = (
			);
			runOnlyForDeploymentPostprocessing = 0;
			shellPath = /bin/sh;
			shellScript = "\"${SRCROOT}/Pods/Target Support Files/Pods-ProtoLuma/Pods-ProtoLuma-frameworks.sh\"\n";
			showEnvVarsInLog = 0;
		};
		7B8B500C4EF9827305A8E5AA /* Check Pods Manifest.lock */ = {
			isa = PBXShellScriptBuildPhase;
			buildActionMask = 2147483647;
			files = (
			);
			inputPaths = (
			);
			name = "Check Pods Manifest.lock";
			outputPaths = (
			);
			runOnlyForDeploymentPostprocessing = 0;
			shellPath = /bin/sh;
			shellScript = "diff \"${PODS_ROOT}/../Podfile.lock\" \"${PODS_ROOT}/Manifest.lock\" > /dev/null\nif [[ $? != 0 ]] ; then\n    cat << EOM\nerror: The sandbox is not in sync with the Podfile.lock. Run 'pod install' or update your CocoaPods installation.\nEOM\n    exit 1\nfi\n";
			showEnvVarsInLog = 0;
		};
		8B6421E2EEF6A64D00C8C454 /* Copy Pods Resources */ = {
			isa = PBXShellScriptBuildPhase;
			buildActionMask = 2147483647;
			files = (
			);
			inputPaths = (
			);
			name = "Copy Pods Resources";
			outputPaths = (
			);
			runOnlyForDeploymentPostprocessing = 0;
			shellPath = /bin/sh;
			shellScript = "\"${SRCROOT}/Pods/Target Support Files/Pods-ProtoLuma/Pods-ProtoLuma-resources.sh\"\n";
			showEnvVarsInLog = 0;
		};
/* End PBXShellScriptBuildPhase section */

/* Begin PBXSourcesBuildPhase section */
		2CF2FE141B7EBB6200F4E11D /* Sources */ = {
			isa = PBXSourcesBuildPhase;
			buildActionMask = 2147483647;
			files = (
				2C947FA21B87AC8500607770 /* NewStoryTabViewController.swift in Sources */,
				2C947FAA1B87ED7C00607770 /* ButtonWithPromptTableViewCell.swift in Sources */,
				2C947FA01B87AB2C00607770 /* ProtoLumaTabBarViewController.swift in Sources */,
				2C2AFB6E1B9E41C6003ACA93 /* ImagePreviewCollectionViewCell.swift in Sources */,
				2C7E34441B9B73C200EFA603 /* TextFieldTableViewCell.swift in Sources */,
				2C7E34461B9B7F0E00EFA603 /* TextViewTableViewCell.swift in Sources */,
				2C30A1C91B965BDA00B64582 /* ClaimBIDViewController.swift in Sources */,
				2C947FA81B87E6D900607770 /* AccountViewController.swift in Sources */,
				2CAC3E011B9B550E00C41BE9 /* CharmPickerTableViewCell.swift in Sources */,
				2C1FA10E1B93DD9D00B3C535 /* LoginViewController.swift in Sources */,
				2CC91DC31B83FC360082CF6A /* StoriesTabViewController.swift in Sources */,
				2C35037B1B9C922D00E4D87B /* SegmentedControlTableViewCell.swift in Sources */,
				2C7E34481B9B927100EFA603 /* MomentMediaTableViewCell.swift in Sources */,
				2C947FAC1B87FBF800607770 /* CharmWithSubtitleTableViewCell.swift in Sources */,
				2C947F9C1B87A81B00607770 /* StoryDetailViewController.swift in Sources */,
				2C1FA10C1B93D98100B3C535 /* OnboardingContentViewController.swift in Sources */,
				2C1FA10A1B93D83300B3C535 /* OnboardingPageViewController.swift in Sources */,
				2C35037F1B9CCE8C00E4D87B /* LocationPickerTableViewCell.swift in Sources */,
				2CF2FE241B7EBB6200F4E11D /* ProtoLuma.xcdatamodeld in Sources */,
				2C813EF31B992B1200A6EDA7 /* BraceletSettings.swift in Sources */,
				2C35037D1B9CC74000E4D87B /* DateTimePickerTableViewCell.swift in Sources */,
				2CAC3DFE1B9A505900C41BE9 /* AddCharmViewController.swift in Sources */,
				2C947FAE1B88039E00607770 /* CharmsTableViewHeader.swift in Sources */,
				2CF2FE1C1B7EBB6200F4E11D /* AppDelegate.swift in Sources */,
				2CAC3DFC1B9A1C0C00C41BE9 /* PairBraceletViewController.swift in Sources */,
				2C26F9B41B86951C0081388C /* CharmsGalleryCollectionViewCell.swift in Sources */,
				2C26F9B61B8695490081388C /* StoriesTableViewCell.swift in Sources */,
				2CAB01211B98C88700652C76 /* ProfileBlurbTableViewCell.swift in Sources */,
				2C26F9BA1B86BB800081388C /* CharmTitleBlurbHeaderTableViewCell.swift in Sources */,
				2C947FA61B87E2A500607770 /* UIStyleController.swift in Sources */,
			);
			runOnlyForDeploymentPostprocessing = 0;
		};
		2CF2FE2B1B7EBB6200F4E11D /* Sources */ = {
			isa = PBXSourcesBuildPhase;
			buildActionMask = 2147483647;
			files = (
				2CF2FE341B7EBB6200F4E11D /* ProtoLumaTests.swift in Sources */,
			);
			runOnlyForDeploymentPostprocessing = 0;
		};
		2CF2FE361B7EBB6200F4E11D /* Sources */ = {
			isa = PBXSourcesBuildPhase;
			buildActionMask = 2147483647;
			files = (
				2CF2FE3F1B7EBB6200F4E11D /* ProtoLumaUITests.swift in Sources */,
			);
			runOnlyForDeploymentPostprocessing = 0;
		};
/* End PBXSourcesBuildPhase section */

/* Begin PBXTargetDependency section */
		2CF2FE311B7EBB6200F4E11D /* PBXTargetDependency */ = {
			isa = PBXTargetDependency;
			target = 2CF2FE171B7EBB6200F4E11D /* ProtoLuma */;
			targetProxy = 2CF2FE301B7EBB6200F4E11D /* PBXContainerItemProxy */;
		};
		2CF2FE3C1B7EBB6200F4E11D /* PBXTargetDependency */ = {
			isa = PBXTargetDependency;
			target = 2CF2FE171B7EBB6200F4E11D /* ProtoLuma */;
			targetProxy = 2CF2FE3B1B7EBB6200F4E11D /* PBXContainerItemProxy */;
		};
/* End PBXTargetDependency section */

/* Begin PBXVariantGroup section */
		2CF2FE1F1B7EBB6200F4E11D /* Main.storyboard */ = {
			isa = PBXVariantGroup;
			children = (
				2CF2FE201B7EBB6200F4E11D /* Base */,
			);
			name = Main.storyboard;
			sourceTree = "<group>";
		};
		2CF2FE271B7EBB6200F4E11D /* LaunchScreen.storyboard */ = {
			isa = PBXVariantGroup;
			children = (
				2CF2FE281B7EBB6200F4E11D /* Base */,
			);
			name = LaunchScreen.storyboard;
			sourceTree = "<group>";
		};
/* End PBXVariantGroup section */

/* Begin XCBuildConfiguration section */
		2CF2FE411B7EBB6200F4E11D /* Debug */ = {
			isa = XCBuildConfiguration;
			buildSettings = {
				ALWAYS_SEARCH_USER_PATHS = NO;
				CLANG_CXX_LANGUAGE_STANDARD = "gnu++0x";
				CLANG_CXX_LIBRARY = "libc++";
				CLANG_ENABLE_MODULES = YES;
				CLANG_ENABLE_OBJC_ARC = YES;
				CLANG_WARN_BOOL_CONVERSION = YES;
				CLANG_WARN_CONSTANT_CONVERSION = YES;
				CLANG_WARN_DIRECT_OBJC_ISA_USAGE = YES_ERROR;
				CLANG_WARN_EMPTY_BODY = YES;
				CLANG_WARN_ENUM_CONVERSION = YES;
				CLANG_WARN_INT_CONVERSION = YES;
				CLANG_WARN_OBJC_ROOT_CLASS = YES_ERROR;
				CLANG_WARN_UNREACHABLE_CODE = YES;
				CLANG_WARN__DUPLICATE_METHOD_MATCH = YES;
				CODE_SIGN_IDENTITY = "iPhone Developer: CHUN-WEI CHEN (4LV8F2Q7NB)";
				"CODE_SIGN_IDENTITY[sdk=iphoneos*]" = "iPhone Developer";
				COPY_PHASE_STRIP = NO;
				DEBUG_INFORMATION_FORMAT = dwarf;
				ENABLE_STRICT_OBJC_MSGSEND = YES;
				ENABLE_TESTABILITY = YES;
				GCC_C_LANGUAGE_STANDARD = gnu99;
				GCC_DYNAMIC_NO_PIC = NO;
				GCC_NO_COMMON_BLOCKS = YES;
				GCC_OPTIMIZATION_LEVEL = 0;
				GCC_PREPROCESSOR_DEFINITIONS = (
					"DEBUG=1",
					"$(inherited)",
				);
				GCC_WARN_64_TO_32_BIT_CONVERSION = YES;
				GCC_WARN_ABOUT_RETURN_TYPE = YES_ERROR;
				GCC_WARN_UNDECLARED_SELECTOR = YES;
				GCC_WARN_UNINITIALIZED_AUTOS = YES_AGGRESSIVE;
				GCC_WARN_UNUSED_FUNCTION = YES;
				GCC_WARN_UNUSED_VARIABLE = YES;
				IPHONEOS_DEPLOYMENT_TARGET = 9.0;
				MTL_ENABLE_DEBUG_INFO = YES;
				ONLY_ACTIVE_ARCH = YES;
				SDKROOT = iphoneos;
				SWIFT_OPTIMIZATION_LEVEL = "-Onone";
				TARGETED_DEVICE_FAMILY = "1,2";
			};
			name = Debug;
		};
		2CF2FE421B7EBB6200F4E11D /* Release */ = {
			isa = XCBuildConfiguration;
			buildSettings = {
				ALWAYS_SEARCH_USER_PATHS = NO;
				CLANG_CXX_LANGUAGE_STANDARD = "gnu++0x";
				CLANG_CXX_LIBRARY = "libc++";
				CLANG_ENABLE_MODULES = YES;
				CLANG_ENABLE_OBJC_ARC = YES;
				CLANG_WARN_BOOL_CONVERSION = YES;
				CLANG_WARN_CONSTANT_CONVERSION = YES;
				CLANG_WARN_DIRECT_OBJC_ISA_USAGE = YES_ERROR;
				CLANG_WARN_EMPTY_BODY = YES;
				CLANG_WARN_ENUM_CONVERSION = YES;
				CLANG_WARN_INT_CONVERSION = YES;
				CLANG_WARN_OBJC_ROOT_CLASS = YES_ERROR;
				CLANG_WARN_UNREACHABLE_CODE = YES;
				CLANG_WARN__DUPLICATE_METHOD_MATCH = YES;
				CODE_SIGN_IDENTITY = "iPhone Developer: CHUN-WEI CHEN (4LV8F2Q7NB)";
				"CODE_SIGN_IDENTITY[sdk=iphoneos*]" = "iPhone Developer";
				COPY_PHASE_STRIP = NO;
				DEBUG_INFORMATION_FORMAT = "dwarf-with-dsym";
				ENABLE_NS_ASSERTIONS = NO;
				ENABLE_STRICT_OBJC_MSGSEND = YES;
				GCC_C_LANGUAGE_STANDARD = gnu99;
				GCC_NO_COMMON_BLOCKS = YES;
				GCC_WARN_64_TO_32_BIT_CONVERSION = YES;
				GCC_WARN_ABOUT_RETURN_TYPE = YES_ERROR;
				GCC_WARN_UNDECLARED_SELECTOR = YES;
				GCC_WARN_UNINITIALIZED_AUTOS = YES_AGGRESSIVE;
				GCC_WARN_UNUSED_FUNCTION = YES;
				GCC_WARN_UNUSED_VARIABLE = YES;
				IPHONEOS_DEPLOYMENT_TARGET = 9.0;
				MTL_ENABLE_DEBUG_INFO = NO;
				SDKROOT = iphoneos;
				TARGETED_DEVICE_FAMILY = "1,2";
				VALIDATE_PRODUCT = YES;
			};
			name = Release;
		};
		2CF2FE441B7EBB6200F4E11D /* Debug */ = {
			isa = XCBuildConfiguration;
			baseConfigurationReference = C46A74428C940DBAA412D414 /* Pods-ProtoLuma.debug.xcconfig */;
			buildSettings = {
				ASSETCATALOG_COMPILER_APPICON_NAME = AppIcon;
				CODE_SIGN_IDENTITY = "iPhone Developer: CHUN-WEI CHEN (4LV8F2Q7NB)";
				ENABLE_BITCODE = NO;
				FRAMEWORK_SEARCH_PATHS = (
					"$(inherited)",
					"$(PROJECT_DIR)",
				);
				GCC_OPTIMIZATION_LEVEL = 0;
				INFOPLIST_FILE = ProtoLuma/Info.plist;
				IPHONEOS_DEPLOYMENT_TARGET = 9.0;
				LD_RUNPATH_SEARCH_PATHS = "$(inherited) @executable_path/Frameworks";
				PRODUCT_BUNDLE_IDENTIFIER = com.chunweichen.ProtoLuma;
				PRODUCT_NAME = "$(TARGET_NAME)";
				SWIFT_OBJC_BRIDGING_HEADER = "ProtoLuma/ProtoLuma-Bridging-Header.h";
				SWIFT_OPTIMIZATION_LEVEL = "-Onone";
				USER_HEADER_SEARCH_PATHS = "Pods/*";
			};
			name = Debug;
		};
		2CF2FE451B7EBB6200F4E11D /* Release */ = {
			isa = XCBuildConfiguration;
			baseConfigurationReference = 265B19E26B3DCC62B1A214DE /* Pods-ProtoLuma.release.xcconfig */;
			buildSettings = {
				ASSETCATALOG_COMPILER_APPICON_NAME = AppIcon;
				CODE_SIGN_IDENTITY = "iPhone Developer: CHUN-WEI CHEN (4LV8F2Q7NB)";
				ENABLE_BITCODE = NO;
				FRAMEWORK_SEARCH_PATHS = (
					"$(inherited)",
					"$(PROJECT_DIR)",
				);
				GCC_OPTIMIZATION_LEVEL = 1;
				INFOPLIST_FILE = ProtoLuma/Info.plist;
				IPHONEOS_DEPLOYMENT_TARGET = 9.0;
				LD_RUNPATH_SEARCH_PATHS = "$(inherited) @executable_path/Frameworks";
				PRODUCT_BUNDLE_IDENTIFIER = com.chunweichen.ProtoLuma;
				PRODUCT_NAME = "$(TARGET_NAME)";
				SWIFT_OBJC_BRIDGING_HEADER = "ProtoLuma/ProtoLuma-Bridging-Header.h";
				SWIFT_OPTIMIZATION_LEVEL = "-Onone";
				USER_HEADER_SEARCH_PATHS = "Pods/*";
			};
			name = Release;
		};
		2CF2FE471B7EBB6200F4E11D /* Debug */ = {
			isa = XCBuildConfiguration;
			buildSettings = {
				BUNDLE_LOADER = "$(TEST_HOST)";
				INFOPLIST_FILE = ProtoLumaTests/Info.plist;
				LD_RUNPATH_SEARCH_PATHS = "$(inherited) @executable_path/Frameworks @loader_path/Frameworks";
				PRODUCT_BUNDLE_IDENTIFIER = com.chunweichen.ProtoLumaTests;
				PRODUCT_NAME = "$(TARGET_NAME)";
				TEST_HOST = "$(BUILT_PRODUCTS_DIR)/ProtoLuma.app/ProtoLuma";
			};
			name = Debug;
		};
		2CF2FE481B7EBB6200F4E11D /* Release */ = {
			isa = XCBuildConfiguration;
			buildSettings = {
				BUNDLE_LOADER = "$(TEST_HOST)";
				INFOPLIST_FILE = ProtoLumaTests/Info.plist;
				LD_RUNPATH_SEARCH_PATHS = "$(inherited) @executable_path/Frameworks @loader_path/Frameworks";
				PRODUCT_BUNDLE_IDENTIFIER = com.chunweichen.ProtoLumaTests;
				PRODUCT_NAME = "$(TARGET_NAME)";
				TEST_HOST = "$(BUILT_PRODUCTS_DIR)/ProtoLuma.app/ProtoLuma";
			};
			name = Release;
		};
		2CF2FE4A1B7EBB6200F4E11D /* Debug */ = {
			isa = XCBuildConfiguration;
			buildSettings = {
				INFOPLIST_FILE = ProtoLumaUITests/Info.plist;
				LD_RUNPATH_SEARCH_PATHS = "$(inherited) @executable_path/Frameworks @loader_path/Frameworks";
				PRODUCT_BUNDLE_IDENTIFIER = com.chunweichen.ProtoLumaUITests;
				PRODUCT_NAME = "$(TARGET_NAME)";
				TEST_TARGET_NAME = ProtoLuma;
				USES_XCTRUNNER = YES;
			};
			name = Debug;
		};
		2CF2FE4B1B7EBB6200F4E11D /* Release */ = {
			isa = XCBuildConfiguration;
			buildSettings = {
				INFOPLIST_FILE = ProtoLumaUITests/Info.plist;
				LD_RUNPATH_SEARCH_PATHS = "$(inherited) @executable_path/Frameworks @loader_path/Frameworks";
				PRODUCT_BUNDLE_IDENTIFIER = com.chunweichen.ProtoLumaUITests;
				PRODUCT_NAME = "$(TARGET_NAME)";
				TEST_TARGET_NAME = ProtoLuma;
				USES_XCTRUNNER = YES;
			};
			name = Release;
		};
/* End XCBuildConfiguration section */

/* Begin XCConfigurationList section */
		2CF2FE131B7EBB6200F4E11D /* Build configuration list for PBXProject "ProtoLuma" */ = {
			isa = XCConfigurationList;
			buildConfigurations = (
				2CF2FE411B7EBB6200F4E11D /* Debug */,
				2CF2FE421B7EBB6200F4E11D /* Release */,
			);
			defaultConfigurationIsVisible = 0;
			defaultConfigurationName = Release;
		};
		2CF2FE431B7EBB6200F4E11D /* Build configuration list for PBXNativeTarget "ProtoLuma" */ = {
			isa = XCConfigurationList;
			buildConfigurations = (
				2CF2FE441B7EBB6200F4E11D /* Debug */,
				2CF2FE451B7EBB6200F4E11D /* Release */,
			);
			defaultConfigurationIsVisible = 0;
			defaultConfigurationName = Release;
		};
		2CF2FE461B7EBB6200F4E11D /* Build configuration list for PBXNativeTarget "ProtoLumaTests" */ = {
			isa = XCConfigurationList;
			buildConfigurations = (
				2CF2FE471B7EBB6200F4E11D /* Debug */,
				2CF2FE481B7EBB6200F4E11D /* Release */,
			);
			defaultConfigurationIsVisible = 0;
			defaultConfigurationName = Release;
		};
		2CF2FE491B7EBB6200F4E11D /* Build configuration list for PBXNativeTarget "ProtoLumaUITests" */ = {
			isa = XCConfigurationList;
			buildConfigurations = (
				2CF2FE4A1B7EBB6200F4E11D /* Debug */,
				2CF2FE4B1B7EBB6200F4E11D /* Release */,
			);
			defaultConfigurationIsVisible = 0;
			defaultConfigurationName = Release;
		};
/* End XCConfigurationList section */

/* Begin XCVersionGroup section */
		2CF2FE221B7EBB6200F4E11D /* ProtoLuma.xcdatamodeld */ = {
			isa = XCVersionGroup;
			children = (
				2CF2FE231B7EBB6200F4E11D /* ProtoLuma.xcdatamodel */,
			);
			currentVersion = 2CF2FE231B7EBB6200F4E11D /* ProtoLuma.xcdatamodel */;
			path = ProtoLuma.xcdatamodeld;
			sourceTree = "<group>";
			versionGroupType = wrapper.xcdatamodel;
		};
/* End XCVersionGroup section */
	};
	rootObject = 2CF2FE101B7EBB6200F4E11D /* Project object */;
}
